
Microsoft Visual Studio Solution File, Format Version 12.00
# Visual Studio Version 17
VisualStudioVersion = 17.3.32929.385
MinimumVisualStudioVersion = 10.0.40219.1
Project("{9A19103F-16F7-4668-BE54-9A1E7A4F7556}") = "ShippingApp_Domain", "ShippingApp_Domain\ShippingApp_Domain.csproj", "{24C11A11-60AE-4290-A346-95BD9D5C0EEE}"
EndProject
Project("{9A19103F-16F7-4668-BE54-9A1E7A4F7556}") = "ShippingApp_DataAccess", "ShippingApp_DataAccess\ShippingApp_DataAccess.csproj", "{33EBE7EB-0DFA-43B0-A33F-1D2E83C877B3}"
EndProject
Project("{9A19103F-16F7-4668-BE54-9A1E7A4F7556}") = "ShippingApp_Service", "ShippingApp_Service\ShippingApp_Service.csproj", "{DB4DFFB7-E4AA-45D4-850C-A8FD0E5121F2}"
EndProject
Project("{9A19103F-16F7-4668-BE54-9A1E7A4F7556}") = "ShippingApp_Shared", "ShippingApp_Shared\ShippingApp_Shared.csproj", "{27F49965-BA49-4E49-AED5-CC4BD13C5176}"
EndProject
Project("{9A19103F-16F7-4668-BE54-9A1E7A4F7556}") = "ShippingApp_API", "ShippingApp_API\ShippingApp_API.csproj", "{C9EF9FFC-538C-4B1F-837B-CABDC49B34F3}"
EndProject
Project("{FAE04EC0-301F-11D3-BF4B-00C04F79EFBC}") = "ShippingApp_Tests", "ShippingApp_Tests\ShippingApp_Tests.csproj", "{0B2A8CCC-DBEA-48CF-89D3-A3C14780B42F}"
EndProject
Global
	GlobalSection(SolutionConfigurationPlatforms) = preSolution
		Debug|Any CPU = Debug|Any CPU
		Release|Any CPU = Release|Any CPU
	EndGlobalSection
	GlobalSection(ProjectConfigurationPlatforms) = postSolution
		{24C11A11-60AE-4290-A346-95BD9D5C0EEE}.Debug|Any CPU.ActiveCfg = Debug|Any CPU
		{24C11A11-60AE-4290-A346-95BD9D5C0EEE}.Debug|Any CPU.Build.0 = Debug|Any CPU
		{24C11A11-60AE-4290-A346-95BD9D5C0EEE}.Release|Any CPU.ActiveCfg = Release|Any CPU
		{24C11A11-60AE-4290-A346-95BD9D5C0EEE}.Release|Any CPU.Build.0 = Release|Any CPU
		{33EBE7EB-0DFA-43B0-A33F-1D2E83C877B3}.Debug|Any CPU.ActiveCfg = Debug|Any CPU
		{33EBE7EB-0DFA-43B0-A33F-1D2E83C877B3}.Debug|Any CPU.Build.0 = Debug|Any CPU
		{33EBE7EB-0DFA-43B0-A33F-1D2E83C877B3}.Release|Any CPU.ActiveCfg = Release|Any CPU
		{33EBE7EB-0DFA-43B0-A33F-1D2E83C877B3}.Release|Any CPU.Build.0 = Release|Any CPU
		{DB4DFFB7-E4AA-45D4-850C-A8FD0E5121F2}.Debug|Any CPU.ActiveCfg = Debug|Any CPU
		{DB4DFFB7-E4AA-45D4-850C-A8FD0E5121F2}.Debug|Any CPU.Build.0 = Debug|Any CPU
		{DB4DFFB7-E4AA-45D4-850C-A8FD0E5121F2}.Release|Any CPU.ActiveCfg = Release|Any CPU
		{DB4DFFB7-E4AA-45D4-850C-A8FD0E5121F2}.Release|Any CPU.Build.0 = Release|Any CPU
		{27F49965-BA49-4E49-AED5-CC4BD13C5176}.Debug|Any CPU.ActiveCfg = Debug|Any CPU
		{27F49965-BA49-4E49-AED5-CC4BD13C5176}.Debug|Any CPU.Build.0 = Debug|Any CPU
		{27F49965-BA49-4E49-AED5-CC4BD13C5176}.Release|Any CPU.ActiveCfg = Release|Any CPU
		{27F49965-BA49-4E49-AED5-CC4BD13C5176}.Release|Any CPU.Build.0 = Release|Any CPU
		{C9EF9FFC-538C-4B1F-837B-CABDC49B34F3}.Debug|Any CPU.ActiveCfg = Debug|Any CPU
		{C9EF9FFC-538C-4B1F-837B-CABDC49B34F3}.Debug|Any CPU.Build.0 = Debug|Any CPU
		{C9EF9FFC-538C-4B1F-837B-CABDC49B34F3}.Release|Any CPU.ActiveCfg = Release|Any CPU
		{C9EF9FFC-538C-4B1F-837B-CABDC49B34F3}.Release|Any CPU.Build.0 = Release|Any CPU
		{0B2A8CCC-DBEA-48CF-89D3-A3C14780B42F}.Debug|Any CPU.ActiveCfg = Debug|Any CPU
		{0B2A8CCC-DBEA-48CF-89D3-A3C14780B42F}.Debug|Any CPU.Build.0 = Debug|Any CPU
		{0B2A8CCC-DBEA-48CF-89D3-A3C14780B42F}.Release|Any CPU.ActiveCfg = Release|Any CPU
		{0B2A8CCC-DBEA-48CF-89D3-A3C14780B42F}.Release|Any CPU.Build.0 = Release|Any CPU
	EndGlobalSection
	GlobalSection(SolutionProperties) = preSolution
		HideSolutionNode = FALSE
	EndGlobalSection
	GlobalSection(ExtensibilityGlobals) = postSolution
		SolutionGuid = {772EACA4-BDA1-461F-B6EE-0C5F122E43A5}
	EndGlobalSection
EndGlobal
